Microsoft Visual Studio Solution File, Format Version 11.00
# Visual Studio 2008

Project("{07CDD1CF-88E1-0DC2-E382-FD04B4263ADF}") = "GameLecturePro", "Assembly-CSharp.csproj", "{DABAC294-BC61-7427-94B6-3850039A1C04}"
EndProject
Project("{07CDD1CF-88E1-0DC2-E382-FD04B4263ADF}") = "GameLecturePro", "Assembly-CSharp-Editor.csproj", "{A32E418B-FF24-06EC-02EC-472585C018CD}"
EndProject
Global
	GlobalSection(SolutionConfigurationPlatforms) = preSolution
		Debug|Any CPU = Debug|Any CPU
		Release|Any CPU = Release|Any CPU
	EndGlobalSection
	GlobalSection(ProjectConfigurationPlatforms) = postSolution
		{DABAC294-BC61-7427-94B6-3850039A1C04}.Debug|Any CPU.ActiveCfg = Debug|Any CPU
		{DABAC294-BC61-7427-94B6-3850039A1C04}.Debug|Any CPU.Build.0 = Debug|Any CPU
		{DABAC294-BC61-7427-94B6-3850039A1C04}.Release|Any CPU.ActiveCfg = Release|Any CPU
		{DABAC294-BC61-7427-94B6-3850039A1C04}.Release|Any CPU.Build.0 = Release|Any CPU
		{A32E418B-FF24-06EC-02EC-472585C018CD}.Debug|Any CPU.ActiveCfg = Debug|Any CPU
		{A32E418B-FF24-06EC-02EC-472585C018CD}.Debug|Any CPU.Build.0 = Debug|Any CPU
		{A32E418B-FF24-06EC-02EC-472585C018CD}.Release|Any CPU.ActiveCfg = Release|Any CPU
		{A32E418B-FF24-06EC-02EC-472585C018CD}.Release|Any CPU.Build.0 = Release|Any CPU
	EndGlobalSection
	GlobalSection(SolutionProperties) = preSolution
		HideSolutionNode = FALSE
	EndGlobalSection
	GlobalSection(MonoDevelopProperties) = preSolution
		StartupItem = Assembly-CSharp.csproj
	EndGlobalSection
EndGlobal
